schema: '2.0'
stages:
  ingest:
    cmd: python3 src/ingest_data.py
    deps:
    - path: data/
      hash: md5
      md5: d84a33e204a60e6a967bb30f36cf33e7.dir
      size: 380717
      nfiles: 1
    - path: src/ingest_data.py
      hash: md5
      md5: b3eb6a2aee8d176a8942d05b18d8cb1c
      size: 2300
      isexec: true
    outs:
    - path: processed_data/train.csv
      hash: md5
      md5: 5f5f9d893d0eacce9abeb9b0119034bc
      size: 652546
    - path: processed_data/val.csv
      hash: md5
      md5: c825cd4fdd86133b3c934334640c2d3d
      size: 57236
  train:
    cmd: python3 src/train.py
    deps:
    - path: processed_data/train.csv
      hash: md5
      md5: 5f5f9d893d0eacce9abeb9b0119034bc
      size: 652546
    - path: src/train.py
      hash: md5
      md5: c1fec18bc966f465fa25f2eecae9d3e8
      size: 1555
      isexec: true
    outs:
    - path: models/model.onnx
      hash: md5
      md5: 060868bb3ed254e2820713ccd6a5befd
      size: 132778
  evaluate:
    cmd: python3 src/evaluate.py
    deps:
    - path: models/model.onnx
      hash: md5
      md5: 060868bb3ed254e2820713ccd6a5befd
      size: 132778
    - path: processed_data/val.csv
      hash: md5
      md5: c825cd4fdd86133b3c934334640c2d3d
      size: 57236
    - path: src/evaluate.py
      hash: md5
      md5: 21ab54a797a0b66687339260fa193e42
      size: 660
      isexec: true
    outs:
    - path: metrics.json
      hash: md5
      md5: 5cb695f5bad74f1591308b8fe0fa00cb
      size: 31
  download_data:
    cmd: kaggle datasets download -d kandarpsdave/diabetes-prediction-dataset -p
      data/ --unzip
    outs:
    - path: data/
      hash: md5
      md5: d84a33e204a60e6a967bb30f36cf33e7.dir
      size: 380717
      nfiles: 1
