schema: '2.0'
stages:
  ingest:
    cmd: python3 src/ingest_data.py
    deps:
    - path: data
      hash: md5
      md5: 8ee01de6a76cadc1dbff884f85afbbfb.dir
      size: 3811247
      nfiles: 10
    - path: src/ingest_data.py
      hash: md5
      md5: a7ffb1fc7a5b793e9bfc00a3f5c95a15
      size: 1862
      isexec: true
    outs:
    - path: processed_data/train.csv
      hash: md5
      md5: 95eb9669c94a7059ac77d8cfe6c68e30
      size: 653177
    - path: processed_data/val.csv
      hash: md5
      md5: eb02faeceff81fa6962ca48505a65818
      size: 57276
  train:
    cmd: python3 src/train.py
    deps:
    - path: processed_data/train.csv
      hash: md5
      md5: 95eb9669c94a7059ac77d8cfe6c68e30
      size: 653177
    - path: src/train.py
      hash: md5
      md5: 79e92c706d384ad3a8ccf4f215b11bba
      size: 1543
      isexec: true
    outs:
    - path: models/model.onnx
      hash: md5
      md5: ef36d3cecb7a46b9f9a3e771584905fe
      size: 134328
  evaluate:
    cmd: python3 src/evaluate.py
    deps:
    - path: models/model.onnx
      hash: md5
      md5: ef36d3cecb7a46b9f9a3e771584905fe
      size: 134328
    - path: processed_data/val.csv
      hash: md5
      md5: eb02faeceff81fa6962ca48505a65818
      size: 57276
    - path: src/evaluate.py
      hash: md5
      md5: 21ab54a797a0b66687339260fa193e42
      size: 660
      isexec: true
    outs:
    - path: metrics.json
      hash: md5
      md5: e3d7b5603332f5e9748ec6e446c5b8cd
      size: 31
