schema: '2.0'
stages:
  ingest:
    cmd: python3 src/ingest_data.py
    deps:
    - path: data
      hash: md5
      md5: 8ee01de6a76cadc1dbff884f85afbbfb.dir
      size: 3811247
      nfiles: 10
    - path: src/ingest_data.py
      hash: md5
      md5: 30b8e4dfa93f5a7982b1fbf05ec3c7e4
      size: 1862
      isexec: true
    outs:
    - path: processed_data/train.csv
      hash: md5
      md5: 5f5f9d893d0eacce9abeb9b0119034bc
      size: 652546
    - path: processed_data/val.csv
      hash: md5
      md5: c825cd4fdd86133b3c934334640c2d3d
      size: 57236
  train:
    cmd: python3 src/train.py
    deps:
    - path: processed_data/train.csv
      hash: md5
      md5: 5f5f9d893d0eacce9abeb9b0119034bc
      size: 652546
    - path: src/train.py
      hash: md5
      md5: 79e92c706d384ad3a8ccf4f215b11bba
      size: 1543
      isexec: true
    outs:
    - path: models/model.onnx
      hash: md5
      md5: cb6ead2de0055c39d8569afca4da2fec
      size: 132778
  evaluate:
    cmd: python3 src/evaluate.py
    deps:
    - path: models/model.onnx
      hash: md5
      md5: cb6ead2de0055c39d8569afca4da2fec
      size: 132778
    - path: processed_data/val.csv
      hash: md5
      md5: c825cd4fdd86133b3c934334640c2d3d
      size: 57236
    - path: src/evaluate.py
      hash: md5
      md5: 21ab54a797a0b66687339260fa193e42
      size: 660
      isexec: true
    outs:
    - path: metrics.json
      hash: md5
      md5: 5cb695f5bad74f1591308b8fe0fa00cb
      size: 31
